
Microsoft Visual Studio Solution File, Format Version 12.00
# Visual Studio Version 17
VisualStudioVersion = 17.7.34202.233
MinimumVisualStudioVersion = 10.0.40219.1
Project("{FAE04EC0-301F-11D3-BF4B-00C04F79EFBC}") = "CabinetStomatologic", "CabinetStomatologic.csproj", "{45A149A8-C106-417A-AEE8-CB1D7CD63A69}"
EndProject
Global
	GlobalSection(SolutionConfigurationPlatforms) = preSolution
		Debug|Any CPU = Debug|Any CPU
		Release|Any CPU = Release|Any CPU
	EndGlobalSection
	GlobalSection(ProjectConfigurationPlatforms) = postSolution
		{45A149A8-C106-417A-AEE8-CB1D7CD63A69}.Debug|Any CPU.ActiveCfg = Debug|Any CPU
		{45A149A8-C106-417A-AEE8-CB1D7CD63A69}.Debug|Any CPU.Build.0 = Debug|Any CPU
		{45A149A8-C106-417A-AEE8-CB1D7CD63A69}.Release|Any CPU.ActiveCfg = Release|Any CPU
		{45A149A8-C106-417A-AEE8-CB1D7CD63A69}.Release|Any CPU.Build.0 = Release|Any CPU
	EndGlobalSection
	GlobalSection(SolutionProperties) = preSolution
		HideSolutionNode = FALSE
	EndGlobalSection
	GlobalSection(ExtensibilityGlobals) = postSolution
		SolutionGuid = {D14F1DE7-115C-4124-93E8-77BB2C638260}
	EndGlobalSection
EndGlobal
